// !$*UTF8*$!
{
	archiveVersion = 1;
	classes = {
	};
	objectVersion = 46;
	objects = {

/* Begin PBXBuildFile section */
		75CA5E501E7DFE7700B0EA59 /* AppDelegate.swift in Sources */ = {isa = PBXBuildFile; fileRef = 75CA5E4F1E7DFE7700B0EA59 /* AppDelegate.swift */; };
		75CA5E521E7DFE7700B0EA59 /* ViewController.swift in Sources */ = {isa = PBXBuildFile; fileRef = 75CA5E511E7DFE7700B0EA59 /* ViewController.swift */; };
		75CA5E551E7DFE7700B0EA59 /* Main.storyboard in Resources */ = {isa = PBXBuildFile; fileRef = 75CA5E531E7DFE7700B0EA59 /* Main.storyboard */; };
		75CA5E571E7DFE7700B0EA59 /* Images.xcassets in Resources */ = {isa = PBXBuildFile; fileRef = 75CA5E561E7DFE7700B0EA59 /* Images.xcassets */; };
		75CA5E5A1E7DFE7700B0EA59 /* LaunchScreen.xib in Resources */ = {isa = PBXBuildFile; fileRef = 75CA5E581E7DFE7700B0EA59 /* LaunchScreen.xib */; };
		75CA5E661E7DFE7700B0EA59 /* Wake_and_ShakeTests.swift in Sources */ = {isa = PBXBuildFile; fileRef = 75CA5E651E7DFE7700B0EA59 /* Wake_and_ShakeTests.swift */; };
/* End PBXBuildFile section */

/* Begin PBXContainerItemProxy section */
		75CA5E601E7DFE7700B0EA59 /* PBXContainerItemProxy */ = {
			isa = PBXContainerItemProxy;
			containerPortal = 75CA5E421E7DFE7600B0EA59 /* Project object */;
			proxyType = 1;
			remoteGlobalIDString = 75CA5E491E7DFE7600B0EA59;
			remoteInfo = "Wake and Shake";
		};
/* End PBXContainerItemProxy section */

/* Begin PBXFileReference section */
		75CA5E4A1E7DFE7700B0EA59 /* Wake and Shake.app */ = {isa = PBXFileReference; explicitFileType = wrapper.application; includeInIndex = 0; path = "Wake and Shake.app"; sourceTree = BUILT_PRODUCTS_DIR; };
		75CA5E4E1E7DFE7700B0EA59 /* Info.plist */ = {isa = PBXFileReference; lastKnownFileType = text.plist.xml; path = Info.plist; sourceTree = "<group>"; };
		75CA5E4F1E7DFE7700B0EA59 /* AppDelegate.swift */ = {isa = PBXFileReference; lastKnownFileType = sourcecode.swift; path = AppDelegate.swift; sourceTree = "<group>"; };
		75CA5E511E7DFE7700B0EA59 /* ViewController.swift */ = {isa = PBXFileReference; lastKnownFileType = sourcecode.swift; path = ViewController.swift; sourceTree = "<group>"; };
		75CA5E541E7DFE7700B0EA59 /* Base */ = {isa = PBXFileReference; lastKnownFileType = file.storyboard; name = Base; path = Base.lproj/Main.storyboard; sourceTree = "<group>"; };
		75CA5E561E7DFE7700B0EA59 /* Images.xcassets */ = {isa = PBXFileReference; lastKnownFileType = folder.assetcatalog; path = Images.xcassets; sourceTree = "<group>"; };
		75CA5E591E7DFE7700B0EA59 /* Base */ = {isa = PBXFileReference; lastKnownFileType = file.xib; name = Base; path = Base.lproj/LaunchScreen.xib; sourceTree = "<group>"; };
		75CA5E5F1E7DFE7700B0EA59 /* Wake and ShakeTests.xctest */ = {isa = PBXFileReference; explicitFileType = wrapper.cfbundle; includeInIndex = 0; path = "Wake and ShakeTests.xctest"; sourceTree = BUILT_PRODUCTS_DIR; };
		75CA5E641E7DFE7700B0EA59 /* Info.plist */ = {isa = PBXFileReference; lastKnownFileType = text.plist.xml; path = Info.plist; sourceTree = "<group>"; };
		75CA5E651E7DFE7700B0EA59 /* Wake_and_ShakeTests.swift */ = {isa = PBXFileReference; lastKnownFileType = sourcecode.swift; path = Wake_and_ShakeTests.swift; sourceTree = "<group>"; };
/* End PBXFileReference section */

/* Begin PBXFrameworksBuildPhase section */
		75CA5E471E7DFE7600B0EA59 /* Frameworks */ = {
			isa = PBXFrameworksBuildPhase;
			buildActionMask = 2147483647;
			files = (
			);
			runOnlyForDeploymentPostprocessing = 0;
		};
		75CA5E5C1E7DFE7700B0EA59 /* Frameworks */ = {
			isa = PBXFrameworksBuildPhase;
			buildActionMask = 2147483647;
			files = (
			);
			runOnlyForDeploymentPostprocessing = 0;
		};
/* End PBXFrameworksBuildPhase section */

/* Begin PBXGroup section */
		75CA5E411E7DFE7600B0EA59 = {
			isa = PBXGroup;
			children = (
				75CA5E4C1E7DFE7700B0EA59 /* Wake and Shake */,
				75CA5E621E7DFE7700B0EA59 /* Wake and ShakeTests */,
				75CA5E4B1E7DFE7700B0EA59 /* Products */,
			);
			sourceTree = "<group>";
		};
		75CA5E4B1E7DFE7700B0EA59 /* Products */ = {
			isa = PBXGroup;
			children = (
				75CA5E4A1E7DFE7700B0EA59 /* Wake and Shake.app */,
				75CA5E5F1E7DFE7700B0EA59 /* Wake and ShakeTests.xctest */,
			);
			name = Products;
			sourceTree = "<group>";
		};
		75CA5E4C1E7DFE7700B0EA59 /* Wake and Shake */ = {
			isa = PBXGroup;
			children = (
				75CA5E4F1E7DFE7700B0EA59 /* AppDelegate.swift */,
				75CA5E511E7DFE7700B0EA59 /* ViewController.swift */,
				75CA5E531E7DFE7700B0EA59 /* Main.storyboard */,
				75CA5E561E7DFE7700B0EA59 /* Images.xcassets */,
				75CA5E581E7DFE7700B0EA59 /* LaunchScreen.xib */,
				75CA5E4D1E7DFE7700B0EA59 /* Supporting Files */,
			);
			path = "Wake and Shake";
			sourceTree = "<group>";
		};
		75CA5E4D1E7DFE7700B0EA59 /* Supporting Files */ = {
			isa = PBXGroup;
			children = (
				75CA5E4E1E7DFE7700B0EA59 /* Info.plist */,
			);
			name = "Supporting Files";
			sourceTree = "<group>";
		};
		75CA5E621E7DFE7700B0EA59 /* Wake and ShakeTests */ = {
			isa = PBXGroup;
			children = (
				75CA5E651E7DFE7700B0EA59 /* Wake_and_ShakeTests.swift */,
				75CA5E631E7DFE7700B0EA59 /* Supporting Files */,
			);
			path = "Wake and ShakeTests";
			sourceTree = "<group>";
		};
		75CA5E631E7DFE7700B0EA59 /* Supporting Files */ = {
			isa = PBXGroup;
			children = (
				75CA5E641E7DFE7700B0EA59 /* Info.plist */,
			);
			name = "Supporting Files";
			sourceTree = "<group>";
		};
/* End PBXGroup section */

/* Begin PBXNativeTarget section */
		75CA5E491E7DFE7600B0EA59 /* Wake and Shake */ = {
			isa = PBXNativeTarget;
			buildConfigurationList = 75CA5E691E7DFE7700B0EA59 /* Build configuration list for PBXNativeTarget "Wake and Shake" */;
			buildPhases = (
				75CA5E461E7DFE7600B0EA59 /* Sources */,
				75CA5E471E7DFE7600B0EA59 /* Frameworks */,
				75CA5E481E7DFE7600B0EA59 /* Resources */,
			);
			buildRules = (
			);
			dependencies = (
			);
			name = "Wake and Shake";
			productName = "Wake and Shake";
			productReference = 75CA5E4A1E7DFE7700B0EA59 /* Wake and Shake.app */;
			productType = "com.apple.product-type.application";
		};
		75CA5E5E1E7DFE7700B0EA59 /* Wake and ShakeTests */ = {
			isa = PBXNativeTarget;
			buildConfigurationList = 75CA5E6C1E7DFE7700B0EA59 /* Build configuration list for PBXNativeTarget "Wake and ShakeTests" */;
			buildPhases = (
				75CA5E5B1E7DFE7700B0EA59 /* Sources */,
				75CA5E5C1E7DFE7700B0EA59 /* Frameworks */,
				75CA5E5D1E7DFE7700B0EA59 /* Resources */,
			);
			buildRules = (
			);
			dependencies = (
				75CA5E611E7DFE7700B0EA59 /* PBXTargetDependency */,
			);
			name = "Wake and ShakeTests";
			productName = "Wake and ShakeTests";
			productReference = 75CA5E5F1E7DFE7700B0EA59 /* Wake and ShakeTests.xctest */;
			productType = "com.apple.product-type.bundle.unit-test";
		};
/* End PBXNativeTarget section */

/* Begin PBXProject section */
		75CA5E421E7DFE7600B0EA59 /* Project object */ = {
			isa = PBXProject;
			attributes = {
				LastUpgradeCheck = 0640;
				TargetAttributes = {
					75CA5E491E7DFE7600B0EA59 = {
						CreatedOnToolsVersion = 6.4;
					};
					75CA5E5E1E7DFE7700B0EA59 = {
						CreatedOnToolsVersion = 6.4;
						TestTargetID = 75CA5E491E7DFE7600B0EA59;
					};
				};
			};
			buildConfigurationList = 75CA5E451E7DFE7600B0EA59 /* Build configuration list for PBXProject "Wake and Shake" */;
			compatibilityVersion = "Xcode 3.2";
			developmentRegion = English;
			hasScannedForEncodings = 0;
			knownRegions = (
				en,
				Base,
			);
			mainGroup = 75CA5E411E7DFE7600B0EA59;
			productRefGroup = 75CA5E4B1E7DFE7700B0EA59 /* Products */;
			projectDirPath = "";
			projectRoot = "";
			targets = (
				75CA5E491E7DFE7600B0EA59 /* Wake and Shake */,
				75CA5E5E1E7DFE7700B0EA59 /* Wake and ShakeTests */,
			);
		};
/* End PBXProject section */

/* Begin PBXResourcesBuildPhase section */
		75CA5E481E7DFE7600B0EA59 /* Resources */ = {
			isa = PBXResourcesBuildPhase;
			buildActionMask = 2147483647;
			files = (
				75CA5E551E7DFE7700B0EA59 /* Main.storyboard in Resources */,
				75CA5E5A1E7DFE7700B0EA59 /* LaunchScreen.xib in Resources */,
				75CA5E571E7DFE7700B0EA59 /* Images.xcassets in Resources */,
			);
			runOnlyForDeploymentPostprocessing = 0;
		};
		75CA5E5D1E7DFE7700B0EA59 /* Resources */ = {
			isa = PBXResourcesBuildPhase;
			buildActionMask = 2147483647;
			files = (
			);
			runOnlyForDeploymentPostprocessing = 0;
		};
/* End PBXResourcesBuildPhase section */

/* Begin PBXSourcesBuildPhase section */
		75CA5E461E7DFE7600B0EA59 /* Sources */ = {
			isa = PBXSourcesBuildPhase;
			buildActionMask = 2147483647;
			files = (
				75CA5E521E7DFE7700B0EA59 /* ViewController.swift in Sources */,
				75CA5E501E7DFE7700B0EA59 /* AppDelegate.swift in Sources */,
			);
			runOnlyForDeploymentPostprocessing = 0;
		};
		75CA5E5B1E7DFE7700B0EA59 /* Sources */ = {
			isa = PBXSourcesBuildPhase;
			buildActionMask = 2147483647;
			files = (
				75CA5E661E7DFE7700B0EA59 /* Wake_and_ShakeTests.swift in Sources */,
			);
			runOnlyForDeploymentPostprocessing = 0;
		};
/* End PBXSourcesBuildPhase section */

/* Begin PBXTargetDependency section */
		75CA5E611E7DFE7700B0EA59 /* PBXTargetDependency */ = {
			isa = PBXTargetDependency;
			target = 75CA5E491E7DFE7600B0EA59 /* Wake and Shake */;
			targetProxy = 75CA5E601E7DFE7700B0EA59 /* PBXContainerItemProxy */;
		};
/* End PBXTargetDependency section */

/* Begin PBXVariantGroup section */
		75CA5E531E7DFE7700B0EA59 /* Main.storyboard */ = {
			isa = PBXVariantGroup;
			children = (
				75CA5E541E7DFE7700B0EA59 /* Base */,
			);
			name = Main.storyboard;
			sourceTree = "<group>";
		};
		75CA5E581E7DFE7700B0EA59 /* LaunchScreen.xib */ = {
			isa = PBXVariantGroup;
			children = (
				75CA5E591E7DFE7700B0EA59 /* Base */,
			);
			name = LaunchScreen.xib;
			sourceTree = "<group>";
		};
/* End PBXVariantGroup section */

/* Begin XCBuildConfiguration section */
		75CA5E671E7DFE7700B0EA59 /* Debug */ = {
			isa = XCBuildConfiguration;
			buildSettings = {
				ALWAYS_SEARCH_USER_PATHS = NO;
				CLANG_CXX_LANGUAGE_STANDARD = "gnu++0x";
				CLANG_CXX_LIBRARY = "libc++";
				CLANG_ENABLE_MODULES = YES;
				CLANG_ENABLE_OBJC_ARC = YES;
				CLANG_WARN_BOOL_CONVERSION = YES;
				CLANG_WARN_CONSTANT_CONVERSION = YES;
				CLANG_WARN_DIRECT_OBJC_ISA_USAGE = YES_ERROR;
				CLANG_WARN_EMPTY_BODY = YES;
				CLANG_WARN_ENUM_CONVERSION = YES;
				CLANG_WARN_INT_CONVERSION = YES;
				CLANG_WARN_OBJC_ROOT_CLASS = YES_ERROR;
				CLANG_WARN_UNREACHABLE_CODE = YES;
				CLANG_WARN__DUPLICATE_METHOD_MATCH = YES;
				"CODE_SIGN_IDENTITY[sdk=iphoneos*]" = "iPhone Developer";
				COPY_PHASE_STRIP = NO;
				DEBUG_INFORMATION_FORMAT = "dwarf-with-dsym";
				ENABLE_STRICT_OBJC_MSGSEND = YES;
				GCC_C_LANGUAGE_STANDARD = gnu99;
				GCC_DYNAMIC_NO_PIC = NO;
				GCC_NO_COMMON_BLOCKS = YES;
				GCC_OPTIMIZATION_LEVEL = 0;
				GCC_PREPROCESSOR_DEFINITIONS = (
					"DEBUG=1",
					"$(inherited)",
				);
				GCC_SYMBOLS_PRIVATE_EXTERN = NO;
				GCC_WARN_64_TO_32_BIT_CONVERSION = YES;
				GCC_WARN_ABOUT_RETURN_TYPE = YES_ERROR;
				GCC_WARN_UNDECLARED_SELECTOR = YES;
				GCC_WARN_UNINITIALIZED_AUTOS = YES_AGGRESSIVE;
				GCC_WARN_UNUSED_FUNCTION = YES;
				GCC_WARN_UNUSED_VARIABLE = YES;
				IPHONEOS_DEPLOYMENT_TARGET = 8.4;
				MTL_ENABLE_DEBUG_INFO = YES;
				ONLY_ACTIVE_ARCH = YES;
				SDKROOT = iphoneos;
				SWIFT_OPTIMIZATION_LEVEL = "-Onone";
				TARGETED_DEVICE_FAMILY = "1,2";
			};
			name = Debug;
		};
		75CA5E681E7DFE7700B0EA59 /* Release */ = {
			isa = XCBuildConfiguration;
			buildSettings = {
				ALWAYS_SEARCH_USER_PATHS = NO;
				CLANG_CXX_LANGUAGE_STANDARD = "gnu++0x";
				CLANG_CXX_LIBRARY = "libc++";
				CLANG_ENABLE_MODULES = YES;
				CLANG_ENABLE_OBJC_ARC = YES;
				CLANG_WARN_BOOL_CONVERSION = YES;
				CLANG_WARN_CONSTANT_CONVERSION = YES;
				CLANG_WARN_DIRECT_OBJC_ISA_USAGE = YES_ERROR;
				CLANG_WARN_EMPTY_BODY = YES;
				CLANG_WARN_ENUM_CONVERSION = YES;
				CLANG_WARN_INT_CONVERSION = YES;
				CLANG_WARN_OBJC_ROOT_CLASS = YES_ERROR;
				CLANG_WARN_UNREACHABLE_CODE = YES;
				CLANG_WARN__DUPLICATE_METHOD_MATCH = YES;
				"CODE_SIGN_IDENTITY[sdk=iphoneos*]" = "iPhone Developer";
				COPY_PHASE_STRIP = NO;
				DEBUG_INFORMATION_FORMAT = "dwarf-with-dsym";
				ENABLE_NS_ASSERTIONS = NO;
				ENABLE_STRICT_OBJC_MSGSEND = YES;
				GCC_C_LANGUAGE_STANDARD = gnu99;
				GCC_NO_COMMON_BLOCKS = YES;
				GCC_WARN_64_TO_32_BIT_CONVERSION = YES;
				GCC_WARN_ABOUT_RETURN_TYPE = YES_ERROR;
				GCC_WARN_UNDECLARED_SELECTOR = YES;
				GCC_WARN_UNINITIALIZED_AUTOS = YES_AGGRESSIVE;
				GCC_WARN_UNUSED_FUNCTION = YES;
				GCC_WARN_UNUSED_VARIABLE = YES;
				IPHONEOS_DEPLOYMENT_TARGET = 8.4;
				MTL_ENABLE_DEBUG_INFO = NO;
				SDKROOT = iphoneos;
				TARGETED_DEVICE_FAMILY = "1,2";
				VALIDATE_PRODUCT = YES;
			};
			name = Release;
		};
		75CA5E6A1E7DFE7700B0EA59 /* Debug */ = {
			isa = XCBuildConfiguration;
			buildSettings = {
				ASSETCATALOG_COMPILER_APPICON_NAME = AppIcon;
				INFOPLIST_FILE = "Wake and Shake/Info.plist";
				LD_RUNPATH_SEARCH_PATHS = "$(inherited) @executable_path/Frameworks";
				PRODUCT_NAME = "$(TARGET_NAME)";
			};
			name = Debug;
		};
		75CA5E6B1E7DFE7700B0EA59 /* Release */ = {
			isa = XCBuildConfiguration;
			buildSettings = {
				ASSETCATALOG_COMPILER_APPICON_NAME = AppIcon;
				INFOPLIST_FILE = "Wake and Shake/Info.plist";
				LD_RUNPATH_SEARCH_PATHS = "$(inherited) @executable_path/Frameworks";
				PRODUCT_NAME = "$(TARGET_NAME)";
			};
			name = Release;
		};
		75CA5E6D1E7DFE7700B0EA59 /* Debug */ = {
			isa = XCBuildConfiguration;
			buildSettings = {
				BUNDLE_LOADER = "$(TEST_HOST)";
				FRAMEWORK_SEARCH_PATHS = (
					"$(SDKROOT)/Developer/Library/Frameworks",
					"$(inherited)",
				);
				GCC_PREPROCESSOR_DEFINITIONS = (
					"DEBUG=1",
					"$(inherited)",
				);
				INFOPLIST_FILE = "Wake and ShakeTests/Info.plist";
				LD_RUNPATH_SEARCH_PATHS = "$(inherited) @executable_path/Frameworks @loader_path/Frameworks";
				PRODUCT_NAME = "$(TARGET_NAME)";
				TEST_HOST = "$(BUILT_PRODUCTS_DIR)/Wake and Shake.app/Wake and Shake";
			};
			name = Debug;
		};
		75CA5E6E1E7DFE7700B0EA59 /* Release */ = {
			isa = XCBuildConfiguration;
			buildSettings = {
				BUNDLE_LOADER = "$(TEST_HOST)";
				FRAMEWORK_SEARCH_PATHS = (
					"$(SDKROOT)/Developer/Library/Frameworks",
					"$(inherited)",
				);
				INFOPLIST_FILE = "Wake and ShakeTests/Info.plist";
				LD_RUNPATH_SEARCH_PATHS = "$(inherited) @executable_path/Frameworks @loader_path/Frameworks";
				PRODUCT_NAME = "$(TARGET_NAME)";
				TEST_HOST = "$(BUILT_PRODUCTS_DIR)/Wake and Shake.app/Wake and Shake";
			};
			name = Release;
		};
/* End XCBuildConfiguration section */

/* Begin XCConfigurationList section */
		75CA5E451E7DFE7600B0EA59 /* Build configuration list for PBXProject "Wake and Shake" */ = {
			isa = XCConfigurationList;
			buildConfigurations = (
				75CA5E671E7DFE7700B0EA59 /* Debug */,
				75CA5E681E7DFE7700B0EA59 /* Release */,
			);
			defaultConfigurationIsVisible = 0;
			defaultConfigurationName = Release;
		};
		75CA5E691E7DFE7700B0EA59 /* Build configuration list for PBXNativeTarget "Wake and Shake" */ = {
			isa = XCConfigurationList;
			buildConfigurations = (
				75CA5E6A1E7DFE7700B0EA59 /* Debug */,
				75CA5E6B1E7DFE7700B0EA59 /* Release */,
			);
			defaultConfigurationIsVisible = 0;
		};
		75CA5E6C1E7DFE7700B0EA59 /* Build configuration list for PBXNativeTarget "Wake and ShakeTests" */ = {
			isa = XCConfigurationList;
			buildConfigurations = (
				75CA5E6D1E7DFE7700B0EA59 /* Debug */,
				75CA5E6E1E7DFE7700B0EA59 /* Release */,
			);
			defaultConfigurationIsVisible = 0;
		};
/* End XCConfigurationList section */
	};
	rootObject = 75CA5E421E7DFE7600B0EA59 /* Project object */;
}
